
Microsoft Visual Studio Solution File, Format Version 12.00
# Visual Studio Version 17
VisualStudioVersion = 17.0.31919.166
MinimumVisualStudioVersion = 10.0.40219.1
Project("{FAE04EC0-301F-11D3-BF4B-00C04F79EFBC}") = "LOWERCASE", "LOWERCASE\LOWERCASE.csproj", "{6EAF8951-E71F-46CD-881B-1CB3159A7E4F}"
EndProject
Global
	GlobalSection(SolutionConfigurationPlatforms) = preSolution
		Debug|Any CPU = Debug|Any CPU
		Release|Any CPU = Release|Any CPU
	EndGlobalSection
	GlobalSection(ProjectConfigurationPlatforms) = postSolution
		{6EAF8951-E71F-46CD-881B-1CB3159A7E4F}.Debug|Any CPU.ActiveCfg = Debug|Any CPU
		{6EAF8951-E71F-46CD-881B-1CB3159A7E4F}.Debug|Any CPU.Build.0 = Debug|Any CPU
		{6EAF8951-E71F-46CD-881B-1CB3159A7E4F}.Release|Any CPU.ActiveCfg = Release|Any CPU
		{6EAF8951-E71F-46CD-881B-1CB3159A7E4F}.Release|Any CPU.Build.0 = Release|Any CPU
	EndGlobalSection
	GlobalSection(SolutionProperties) = preSolution
		HideSolutionNode = FALSE
	EndGlobalSection
	GlobalSection(ExtensibilityGlobals) = postSolution
		SolutionGuid = {22DDE1BF-F6A0-4B2B-882B-F2EF2DC1140A}
	EndGlobalSection
EndGlobal
