
Microsoft Visual Studio Solution File, Format Version 12.00
# Visual Studio Version 17
VisualStudioVersion = 17.0.31919.166
MinimumVisualStudioVersion = 10.0.40219.1
Project("{FAE04EC0-301F-11D3-BF4B-00C04F79EFBC}") = "No positive", "No positive\No positive.csproj", "{CA62A982-3357-46B1-9564-8E3EB651127B}"
EndProject
Global
	GlobalSection(SolutionConfigurationPlatforms) = preSolution
		Debug|Any CPU = Debug|Any CPU
		Release|Any CPU = Release|Any CPU
	EndGlobalSection
	GlobalSection(ProjectConfigurationPlatforms) = postSolution
		{CA62A982-3357-46B1-9564-8E3EB651127B}.Debug|Any CPU.ActiveCfg = Debug|Any CPU
		{CA62A982-3357-46B1-9564-8E3EB651127B}.Debug|Any CPU.Build.0 = Debug|Any CPU
		{CA62A982-3357-46B1-9564-8E3EB651127B}.Release|Any CPU.ActiveCfg = Release|Any CPU
		{CA62A982-3357-46B1-9564-8E3EB651127B}.Release|Any CPU.Build.0 = Release|Any CPU
	EndGlobalSection
	GlobalSection(SolutionProperties) = preSolution
		HideSolutionNode = FALSE
	EndGlobalSection
	GlobalSection(ExtensibilityGlobals) = postSolution
		SolutionGuid = {FB93BCB9-6D9A-4CFB-ACD5-5CEC0AD4C71C}
	EndGlobalSection
EndGlobal
