
Microsoft Visual Studio Solution File, Format Version 12.00
# Visual Studio Version 17
VisualStudioVersion = 17.0.31919.166
MinimumVisualStudioVersion = 10.0.40219.1
Project("{9A19103F-16F7-4668-BE54-9A1E7A4F7556}") = "3.3.1 SUPER ARRAY", "3.3.1 SUPER ARRAY\3.3.1 SUPER ARRAY.csproj", "{C5258FF1-466F-45C7-A999-572D883CCEB2}"
EndProject
Project("{FAE04EC0-301F-11D3-BF4B-00C04F79EFBC}") = "3.3.2 SUPER STRING", "..\SUPER STRING\3.3.2 SUPER STRING.csproj", "{8F0F24EC-5995-468C-94D5-F900E52F75BE}"
EndProject
Project("{FAE04EC0-301F-11D3-BF4B-00C04F79EFBC}") = "3.3.3 PIZZA TIME", "..\PIZZA TIME\3.3.3 PIZZA TIME.csproj", "{C41007A2-E801-49F1-B203-692E7B6B9A48}"
EndProject
Global
	GlobalSection(SolutionConfigurationPlatforms) = preSolution
		Debug|Any CPU = Debug|Any CPU
		Release|Any CPU = Release|Any CPU
	EndGlobalSection
	GlobalSection(ProjectConfigurationPlatforms) = postSolution
		{C5258FF1-466F-45C7-A999-572D883CCEB2}.Debug|Any CPU.ActiveCfg = Debug|Any CPU
		{C5258FF1-466F-45C7-A999-572D883CCEB2}.Debug|Any CPU.Build.0 = Debug|Any CPU
		{C5258FF1-466F-45C7-A999-572D883CCEB2}.Release|Any CPU.ActiveCfg = Release|Any CPU
		{C5258FF1-466F-45C7-A999-572D883CCEB2}.Release|Any CPU.Build.0 = Release|Any CPU
		{8F0F24EC-5995-468C-94D5-F900E52F75BE}.Debug|Any CPU.ActiveCfg = Debug|Any CPU
		{8F0F24EC-5995-468C-94D5-F900E52F75BE}.Debug|Any CPU.Build.0 = Debug|Any CPU
		{8F0F24EC-5995-468C-94D5-F900E52F75BE}.Release|Any CPU.ActiveCfg = Release|Any CPU
		{8F0F24EC-5995-468C-94D5-F900E52F75BE}.Release|Any CPU.Build.0 = Release|Any CPU
		{C41007A2-E801-49F1-B203-692E7B6B9A48}.Debug|Any CPU.ActiveCfg = Debug|Any CPU
		{C41007A2-E801-49F1-B203-692E7B6B9A48}.Debug|Any CPU.Build.0 = Debug|Any CPU
		{C41007A2-E801-49F1-B203-692E7B6B9A48}.Release|Any CPU.ActiveCfg = Release|Any CPU
		{C41007A2-E801-49F1-B203-692E7B6B9A48}.Release|Any CPU.Build.0 = Release|Any CPU
	EndGlobalSection
	GlobalSection(SolutionProperties) = preSolution
		HideSolutionNode = FALSE
	EndGlobalSection
	GlobalSection(ExtensibilityGlobals) = postSolution
		SolutionGuid = {3F23D2AC-441E-4E70-BE73-E714CE3D63D8}
	EndGlobalSection
EndGlobal
