
Microsoft Visual Studio Solution File, Format Version 12.00
# Visual Studio Version 17
VisualStudioVersion = 17.0.31919.166
MinimumVisualStudioVersion = 10.0.40219.1
Project("{FAE04EC0-301F-11D3-BF4B-00C04F79EFBC}") = "ANOTHER TRIANGLE", "ANOTHER TRIANGLE\ANOTHER TRIANGLE.csproj", "{69465902-3423-4299-84CF-3D775BC9D61C}"
EndProject
Global
	GlobalSection(SolutionConfigurationPlatforms) = preSolution
		Debug|Any CPU = Debug|Any CPU
		Release|Any CPU = Release|Any CPU
	EndGlobalSection
	GlobalSection(ProjectConfigurationPlatforms) = postSolution
		{69465902-3423-4299-84CF-3D775BC9D61C}.Debug|Any CPU.ActiveCfg = Debug|Any CPU
		{69465902-3423-4299-84CF-3D775BC9D61C}.Debug|Any CPU.Build.0 = Debug|Any CPU
		{69465902-3423-4299-84CF-3D775BC9D61C}.Release|Any CPU.ActiveCfg = Release|Any CPU
		{69465902-3423-4299-84CF-3D775BC9D61C}.Release|Any CPU.Build.0 = Release|Any CPU
	EndGlobalSection
	GlobalSection(SolutionProperties) = preSolution
		HideSolutionNode = FALSE
	EndGlobalSection
	GlobalSection(ExtensibilityGlobals) = postSolution
		SolutionGuid = {64408A12-5504-4755-A252-1140C73E80D8}
	EndGlobalSection
EndGlobal
